
Microsoft Visual Studio Solution File, Format Version 12.00
# Visual Studio 15
VisualStudioVersion = 15.0.28307.168
MinimumVisualStudioVersion = 10.0.40219.1
Project("{FAE04EC0-301F-11D3-BF4B-00C04F79EFBC}") = "XamarinApp7ListViewCells.Android", "XamarinApp7ListViewCells\XamarinApp7ListViewCells.Android\XamarinApp7ListViewCells.Android.csproj", "{F2FEE7E7-5516-4B1A-BC0C-71E36E9E3E21}"
EndProject
Project("{FAE04EC0-301F-11D3-BF4B-00C04F79EFBC}") = "XamarinApp7ListViewCells.iOS", "XamarinApp7ListViewCells\XamarinApp7ListViewCells.iOS\XamarinApp7ListViewCells.iOS.csproj", "{9B205F1A-5C9E-499E-9DC3-95E21A16A06A}"
EndProject
Project("{FAE04EC0-301F-11D3-BF4B-00C04F79EFBC}") = "XamarinApp7ListViewCells.UWP", "XamarinApp7ListViewCells\XamarinApp7ListViewCells.UWP\XamarinApp7ListViewCells.UWP.csproj", "{D10302B7-8419-41F5-9F2A-9FD7CB3E5047}"
EndProject
Project("{FAE04EC0-301F-11D3-BF4B-00C04F79EFBC}") = "XamarinApp7ListViewCells", "XamarinApp7ListViewCells\XamarinApp7ListViewCells\XamarinApp7ListViewCells.csproj", "{807D43E5-47B4-4825-8669-3035DCDDB888}"
EndProject
Global
	GlobalSection(SolutionConfigurationPlatforms) = preSolution
		Ad-Hoc|Any CPU = Ad-Hoc|Any CPU
		Ad-Hoc|ARM = Ad-Hoc|ARM
		Ad-Hoc|iPhone = Ad-Hoc|iPhone
		Ad-Hoc|iPhoneSimulator = Ad-Hoc|iPhoneSimulator
		Ad-Hoc|x64 = Ad-Hoc|x64
		Ad-Hoc|x86 = Ad-Hoc|x86
		AppStore|Any CPU = AppStore|Any CPU
		AppStore|ARM = AppStore|ARM
		AppStore|iPhone = AppStore|iPhone
		AppStore|iPhoneSimulator = AppStore|iPhoneSimulator
		AppStore|x64 = AppStore|x64
		AppStore|x86 = AppStore|x86
		Debug|Any CPU = Debug|Any CPU
		Debug|ARM = Debug|ARM
		Debug|iPhone = Debug|iPhone
		Debug|iPhoneSimulator = Debug|iPhoneSimulator
		Debug|x64 = Debug|x64
		Debug|x86 = Debug|x86
		Release|Any CPU = Release|Any CPU
		Release|ARM = Release|ARM
		Release|iPhone = Release|iPhone
		Release|iPhoneSimulator = Release|iPhoneSimulator
		Release|x64 = Release|x64
		Release|x86 = Release|x86
	EndGlobalSection
	GlobalSection(ProjectConfigurationPlatforms) = postSolution
		{F2FEE7E7-5516-4B1A-BC0C-71E36E9E3E21}.Ad-Hoc|Any CPU.ActiveCfg = Release|Any CPU
		{F2FEE7E7-5516-4B1A-BC0C-71E36E9E3E21}.Ad-Hoc|Any CPU.Build.0 = Release|Any CPU
		{F2FEE7E7-5516-4B1A-BC0C-71E36E9E3E21}.Ad-Hoc|Any CPU.Deploy.0 = Release|Any CPU
		{F2FEE7E7-5516-4B1A-BC0C-71E36E9E3E21}.Ad-Hoc|ARM.ActiveCfg = Release|Any CPU
		{F2FEE7E7-5516-4B1A-BC0C-71E36E9E3E21}.Ad-Hoc|ARM.Build.0 = Release|Any CPU
		{F2FEE7E7-5516-4B1A-BC0C-71E36E9E3E21}.Ad-Hoc|ARM.Deploy.0 = Release|Any CPU
		{F2FEE7E7-5516-4B1A-BC0C-71E36E9E3E21}.Ad-Hoc|iPhone.ActiveCfg = Release|Any CPU
		{F2FEE7E7-5516-4B1A-BC0C-71E36E9E3E21}.Ad-Hoc|iPhone.Build.0 = Release|Any CPU
		{F2FEE7E7-5516-4B1A-BC0C-71E36E9E3E21}.Ad-Hoc|iPhone.Deploy.0 = Release|Any CPU
		{F2FEE7E7-5516-4B1A-BC0C-71E36E9E3E21}.Ad-Hoc|iPhoneSimulator.ActiveCfg = Release|Any CPU
		{F2FEE7E7-5516-4B1A-BC0C-71E36E9E3E21}.Ad-Hoc|iPhoneSimulator.Build.0 = Release|Any CPU
		{F2FEE7E7-5516-4B1A-BC0C-71E36E9E3E21}.Ad-Hoc|iPhoneSimulator.Deploy.0 = Release|Any CPU
		{F2FEE7E7-5516-4B1A-BC0C-71E36E9E3E21}.Ad-Hoc|x64.ActiveCfg = Release|Any CPU
		{F2FEE7E7-5516-4B1A-BC0C-71E36E9E3E21}.Ad-Hoc|x64.Build.0 = Release|Any CPU
		{F2FEE7E7-5516-4B1A-BC0C-71E36E9E3E21}.Ad-Hoc|x64.Deploy.0 = Release|Any CPU
		{F2FEE7E7-5516-4B1A-BC0C-71E36E9E3E21}.Ad-Hoc|x86.ActiveCfg = Release|Any CPU
		{F2FEE7E7-5516-4B1A-BC0C-71E36E9E3E21}.Ad-Hoc|x86.Build.0 = Release|Any CPU
		{F2FEE7E7-5516-4B1A-BC0C-71E36E9E3E21}.Ad-Hoc|x86.Deploy.0 = Release|Any CPU
		{F2FEE7E7-5516-4B1A-BC0C-71E36E9E3E21}.AppStore|Any CPU.ActiveCfg = Release|Any CPU
		{F2FEE7E7-5516-4B1A-BC0C-71E36E9E3E21}.AppStore|Any CPU.Build.0 = Release|Any CPU
		{F2FEE7E7-5516-4B1A-BC0C-71E36E9E3E21}.AppStore|Any CPU.Deploy.0 = Release|Any CPU
		{F2FEE7E7-5516-4B1A-BC0C-71E36E9E3E21}.AppStore|ARM.ActiveCfg = Release|Any CPU
		{F2FEE7E7-5516-4B1A-BC0C-71E36E9E3E21}.AppStore|ARM.Build.0 = Release|Any CPU
		{F2FEE7E7-5516-4B1A-BC0C-71E36E9E3E21}.AppStore|ARM.Deploy.0 = Release|Any CPU
		{F2FEE7E7-5516-4B1A-BC0C-71E36E9E3E21}.AppStore|iPhone.ActiveCfg = Release|Any CPU
		{F2FEE7E7-5516-4B1A-BC0C-71E36E9E3E21}.AppStore|iPhone.Build.0 = Release|Any CPU
		{F2FEE7E7-5516-4B1A-BC0C-71E36E9E3E21}.AppStore|iPhone.Deploy.0 = Release|Any CPU
		{F2FEE7E7-5516-4B1A-BC0C-71E36E9E3E21}.AppStore|iPhoneSimulator.ActiveCfg = Release|Any CPU
		{F2FEE7E7-5516-4B1A-BC0C-71E36E9E3E21}.AppStore|iPhoneSimulator.Build.0 = Release|Any CPU
		{F2FEE7E7-5516-4B1A-BC0C-71E36E9E3E21}.AppStore|iPhoneSimulator.Deploy.0 = Release|Any CPU
		{F2FEE7E7-5516-4B1A-BC0C-71E36E9E3E21}.AppStore|x64.ActiveCfg = Release|Any CPU
		{F2FEE7E7-5516-4B1A-BC0C-71E36E9E3E21}.AppStore|x64.Build.0 = Release|Any CPU
		{F2FEE7E7-5516-4B1A-BC0C-71E36E9E3E21}.AppStore|x64.Deploy.0 = Release|Any CPU
		{F2FEE7E7-5516-4B1A-BC0C-71E36E9E3E21}.AppStore|x86.ActiveCfg = Release|Any CPU
		{F2FEE7E7-5516-4B1A-BC0C-71E36E9E3E21}.AppStore|x86.Build.0 = Release|Any CPU
		{F2FEE7E7-5516-4B1A-BC0C-71E36E9E3E21}.AppStore|x86.Deploy.0 = Release|Any CPU
		{F2FEE7E7-5516-4B1A-BC0C-71E36E9E3E21}.Debug|Any CPU.ActiveCfg = Debug|Any CPU
		{F2FEE7E7-5516-4B1A-BC0C-71E36E9E3E21}.Debug|Any CPU.Build.0 = Debug|Any CPU
		{F2FEE7E7-5516-4B1A-BC0C-71E36E9E3E21}.Debug|Any CPU.Deploy.0 = Debug|Any CPU
		{F2FEE7E7-5516-4B1A-BC0C-71E36E9E3E21}.Debug|ARM.ActiveCfg = Debug|Any CPU
		{F2FEE7E7-5516-4B1A-BC0C-71E36E9E3E21}.Debug|ARM.Build.0 = Debug|Any CPU
		{F2FEE7E7-5516-4B1A-BC0C-71E36E9E3E21}.Debug|ARM.Deploy.0 = Debug|Any CPU
		{F2FEE7E7-5516-4B1A-BC0C-71E36E9E3E21}.Debug|iPhone.ActiveCfg = Debug|Any CPU
		{F2FEE7E7-5516-4B1A-BC0C-71E36E9E3E21}.Debug|iPhone.Build.0 = Debug|Any CPU
		{F2FEE7E7-5516-4B1A-BC0C-71E36E9E3E21}.Debug|iPhone.Deploy.0 = Debug|Any CPU
		{F2FEE7E7-5516-4B1A-BC0C-71E36E9E3E21}.Debug|iPhoneSimulator.ActiveCfg = Debug|Any CPU
		{F2FEE7E7-5516-4B1A-BC0C-71E36E9E3E21}.Debug|iPhoneSimulator.Build.0 = Debug|Any CPU
		{F2FEE7E7-5516-4B1A-BC0C-71E36E9E3E21}.Debug|iPhoneSimulator.Deploy.0 = Debug|Any CPU
		{F2FEE7E7-5516-4B1A-BC0C-71E36E9E3E21}.Debug|x64.ActiveCfg = Debug|Any CPU
		{F2FEE7E7-5516-4B1A-BC0C-71E36E9E3E21}.Debug|x64.Build.0 = Debug|Any CPU
		{F2FEE7E7-5516-4B1A-BC0C-71E36E9E3E21}.Debug|x64.Deploy.0 = Debug|Any CPU
		{F2FEE7E7-5516-4B1A-BC0C-71E36E9E3E21}.Debug|x86.ActiveCfg = Debug|Any CPU
		{F2FEE7E7-5516-4B1A-BC0C-71E36E9E3E21}.Debug|x86.Build.0 = Debug|Any CPU
		{F2FEE7E7-5516-4B1A-BC0C-71E36E9E3E21}.Debug|x86.Deploy.0 = Debug|Any CPU
		{F2FEE7E7-5516-4B1A-BC0C-71E36E9E3E21}.Release|Any CPU.ActiveCfg = Release|Any CPU
		{F2FEE7E7-5516-4B1A-BC0C-71E36E9E3E21}.Release|Any CPU.Build.0 = Release|Any CPU
		{F2FEE7E7-5516-4B1A-BC0C-71E36E9E3E21}.Release|Any CPU.Deploy.0 = Release|Any CPU
		{F2FEE7E7-5516-4B1A-BC0C-71E36E9E3E21}.Release|ARM.ActiveCfg = Release|Any CPU
		{F2FEE7E7-5516-4B1A-BC0C-71E36E9E3E21}.Release|ARM.Build.0 = Release|Any CPU
		{F2FEE7E7-5516-4B1A-BC0C-71E36E9E3E21}.Release|ARM.Deploy.0 = Release|Any CPU
		{F2FEE7E7-5516-4B1A-BC0C-71E36E9E3E21}.Release|iPhone.ActiveCfg = Release|Any CPU
		{F2FEE7E7-5516-4B1A-BC0C-71E36E9E3E21}.Release|iPhone.Build.0 = Release|Any CPU
		{F2FEE7E7-5516-4B1A-BC0C-71E36E9E3E21}.Release|iPhone.Deploy.0 = Release|Any CPU
		{F2FEE7E7-5516-4B1A-BC0C-71E36E9E3E21}.Release|iPhoneSimulator.ActiveCfg = Release|Any CPU
		{F2FEE7E7-5516-4B1A-BC0C-71E36E9E3E21}.Release|iPhoneSimulator.Build.0 = Release|Any CPU
		{F2FEE7E7-5516-4B1A-BC0C-71E36E9E3E21}.Release|iPhoneSimulator.Deploy.0 = Release|Any CPU
		{F2FEE7E7-5516-4B1A-BC0C-71E36E9E3E21}.Release|x64.ActiveCfg = Release|Any CPU
		{F2FEE7E7-5516-4B1A-BC0C-71E36E9E3E21}.Release|x64.Build.0 = Release|Any CPU
		{F2FEE7E7-5516-4B1A-BC0C-71E36E9E3E21}.Release|x64.Deploy.0 = Release|Any CPU
		{F2FEE7E7-5516-4B1A-BC0C-71E36E9E3E21}.Release|x86.ActiveCfg = Release|Any CPU
		{F2FEE7E7-5516-4B1A-BC0C-71E36E9E3E21}.Release|x86.Build.0 = Release|Any CPU
		{F2FEE7E7-5516-4B1A-BC0C-71E36E9E3E21}.Release|x86.Deploy.0 = Release|Any CPU
		{9B205F1A-5C9E-499E-9DC3-95E21A16A06A}.Ad-Hoc|Any CPU.ActiveCfg = Ad-Hoc|iPhone
		{9B205F1A-5C9E-499E-9DC3-95E21A16A06A}.Ad-Hoc|Any CPU.Build.0 = Ad-Hoc|iPhone
		{9B205F1A-5C9E-499E-9DC3-95E21A16A06A}.Ad-Hoc|Any CPU.Deploy.0 = Ad-Hoc|iPhone
		{9B205F1A-5C9E-499E-9DC3-95E21A16A06A}.Ad-Hoc|ARM.ActiveCfg = Ad-Hoc|iPhone
		{9B205F1A-5C9E-499E-9DC3-95E21A16A06A}.Ad-Hoc|ARM.Build.0 = Ad-Hoc|iPhone
		{9B205F1A-5C9E-499E-9DC3-95E21A16A06A}.Ad-Hoc|ARM.Deploy.0 = Ad-Hoc|iPhone
		{9B205F1A-5C9E-499E-9DC3-95E21A16A06A}.Ad-Hoc|iPhone.ActiveCfg = Ad-Hoc|iPhone
		{9B205F1A-5C9E-499E-9DC3-95E21A16A06A}.Ad-Hoc|iPhone.Build.0 = Ad-Hoc|iPhone
		{9B205F1A-5C9E-499E-9DC3-95E21A16A06A}.Ad-Hoc|iPhone.Deploy.0 = Ad-Hoc|iPhone
		{9B205F1A-5C9E-499E-9DC3-95E21A16A06A}.Ad-Hoc|iPhoneSimulator.ActiveCfg = Ad-Hoc|iPhoneSimulator
		{9B205F1A-5C9E-499E-9DC3-95E21A16A06A}.Ad-Hoc|iPhoneSimulator.Build.0 = Ad-Hoc|iPhoneSimulator
		{9B205F1A-5C9E-499E-9DC3-95E21A16A06A}.Ad-Hoc|iPhoneSimulator.Deploy.0 = Ad-Hoc|iPhoneSimulator
		{9B205F1A-5C9E-499E-9DC3-95E21A16A06A}.Ad-Hoc|x64.ActiveCfg = Ad-Hoc|iPhone
		{9B205F1A-5C9E-499E-9DC3-95E21A16A06A}.Ad-Hoc|x64.Build.0 = Ad-Hoc|iPhone
		{9B205F1A-5C9E-499E-9DC3-95E21A16A06A}.Ad-Hoc|x64.Deploy.0 = Ad-Hoc|iPhone
		{9B205F1A-5C9E-499E-9DC3-95E21A16A06A}.Ad-Hoc|x86.ActiveCfg = Ad-Hoc|iPhone
		{9B205F1A-5C9E-499E-9DC3-95E21A16A06A}.Ad-Hoc|x86.Build.0 = Ad-Hoc|iPhone
		{9B205F1A-5C9E-499E-9DC3-95E21A16A06A}.Ad-Hoc|x86.Deploy.0 = Ad-Hoc|iPhone
		{9B205F1A-5C9E-499E-9DC3-95E21A16A06A}.AppStore|Any CPU.ActiveCfg = AppStore|iPhone
		{9B205F1A-5C9E-499E-9DC3-95E21A16A06A}.AppStore|Any CPU.Build.0 = AppStore|iPhone
		{9B205F1A-5C9E-499E-9DC3-95E21A16A06A}.AppStore|Any CPU.Deploy.0 = AppStore|iPhone
		{9B205F1A-5C9E-499E-9DC3-95E21A16A06A}.AppStore|ARM.ActiveCfg = AppStore|iPhone
		{9B205F1A-5C9E-499E-9DC3-95E21A16A06A}.AppStore|ARM.Build.0 = AppStore|iPhone
		{9B205F1A-5C9E-499E-9DC3-95E21A16A06A}.AppStore|ARM.Deploy.0 = AppStore|iPhone
		{9B205F1A-5C9E-499E-9DC3-95E21A16A06A}.AppStore|iPhone.ActiveCfg = AppStore|iPhone
		{9B205F1A-5C9E-499E-9DC3-95E21A16A06A}.AppStore|iPhone.Build.0 = AppStore|iPhone
		{9B205F1A-5C9E-499E-9DC3-95E21A16A06A}.AppStore|iPhone.Deploy.0 = AppStore|iPhone
		{9B205F1A-5C9E-499E-9DC3-95E21A16A06A}.AppStore|iPhoneSimulator.ActiveCfg = AppStore|iPhoneSimulator
		{9B205F1A-5C9E-499E-9DC3-95E21A16A06A}.AppStore|iPhoneSimulator.Build.0 = AppStore|iPhoneSimulator
		{9B205F1A-5C9E-499E-9DC3-95E21A16A06A}.AppStore|iPhoneSimulator.Deploy.0 = AppStore|iPhoneSimulator
		{9B205F1A-5C9E-499E-9DC3-95E21A16A06A}.AppStore|x64.ActiveCfg = AppStore|iPhone
		{9B205F1A-5C9E-499E-9DC3-95E21A16A06A}.AppStore|x64.Build.0 = AppStore|iPhone
		{9B205F1A-5C9E-499E-9DC3-95E21A16A06A}.AppStore|x64.Deploy.0 = AppStore|iPhone
		{9B205F1A-5C9E-499E-9DC3-95E21A16A06A}.AppStore|x86.ActiveCfg = AppStore|iPhone
		{9B205F1A-5C9E-499E-9DC3-95E21A16A06A}.AppStore|x86.Build.0 = AppStore|iPhone
		{9B205F1A-5C9E-499E-9DC3-95E21A16A06A}.AppStore|x86.Deploy.0 = AppStore|iPhone
		{9B205F1A-5C9E-499E-9DC3-95E21A16A06A}.Debug|Any CPU.ActiveCfg = Debug|iPhoneSimulator
		{9B205F1A-5C9E-499E-9DC3-95E21A16A06A}.Debug|Any CPU.Build.0 = Debug|iPhoneSimulator
		{9B205F1A-5C9E-499E-9DC3-95E21A16A06A}.Debug|Any CPU.Deploy.0 = Debug|iPhoneSimulator
		{9B205F1A-5C9E-499E-9DC3-95E21A16A06A}.Debug|ARM.ActiveCfg = Debug|iPhone
		{9B205F1A-5C9E-499E-9DC3-95E21A16A06A}.Debug|ARM.Build.0 = Debug|iPhone
		{9B205F1A-5C9E-499E-9DC3-95E21A16A06A}.Debug|ARM.Deploy.0 = Debug|iPhone
		{9B205F1A-5C9E-499E-9DC3-95E21A16A06A}.Debug|iPhone.ActiveCfg = Debug|iPhone
		{9B205F1A-5C9E-499E-9DC3-95E21A16A06A}.Debug|iPhone.Build.0 = Debug|iPhone
		{9B205F1A-5C9E-499E-9DC3-95E21A16A06A}.Debug|iPhone.Deploy.0 = Debug|iPhone
		{9B205F1A-5C9E-499E-9DC3-95E21A16A06A}.Debug|iPhoneSimulator.ActiveCfg = Debug|iPhoneSimulator
		{9B205F1A-5C9E-499E-9DC3-95E21A16A06A}.Debug|iPhoneSimulator.Build.0 = Debug|iPhoneSimulator
		{9B205F1A-5C9E-499E-9DC3-95E21A16A06A}.Debug|iPhoneSimulator.Deploy.0 = Debug|iPhoneSimulator
		{9B205F1A-5C9E-499E-9DC3-95E21A16A06A}.Debug|x64.ActiveCfg = Debug|iPhone
		{9B205F1A-5C9E-499E-9DC3-95E21A16A06A}.Debug|x64.Build.0 = Debug|iPhone
		{9B205F1A-5C9E-499E-9DC3-95E21A16A06A}.Debug|x64.Deploy.0 = Debug|iPhone
		{9B205F1A-5C9E-499E-9DC3-95E21A16A06A}.Debug|x86.ActiveCfg = Debug|iPhone
		{9B205F1A-5C9E-499E-9DC3-95E21A16A06A}.Debug|x86.Build.0 = Debug|iPhone
		{9B205F1A-5C9E-499E-9DC3-95E21A16A06A}.Debug|x86.Deploy.0 = Debug|iPhone
		{9B205F1A-5C9E-499E-9DC3-95E21A16A06A}.Release|Any CPU.ActiveCfg = Release|iPhone
		{9B205F1A-5C9E-499E-9DC3-95E21A16A06A}.Release|Any CPU.Build.0 = Release|iPhone
		{9B205F1A-5C9E-499E-9DC3-95E21A16A06A}.Release|Any CPU.Deploy.0 = Release|iPhone
		{9B205F1A-5C9E-499E-9DC3-95E21A16A06A}.Release|ARM.ActiveCfg = Release|iPhone
		{9B205F1A-5C9E-499E-9DC3-95E21A16A06A}.Release|ARM.Build.0 = Release|iPhone
		{9B205F1A-5C9E-499E-9DC3-95E21A16A06A}.Release|ARM.Deploy.0 = Release|iPhone
		{9B205F1A-5C9E-499E-9DC3-95E21A16A06A}.Release|iPhone.ActiveCfg = Release|iPhone
		{9B205F1A-5C9E-499E-9DC3-95E21A16A06A}.Release|iPhone.Build.0 = Release|iPhone
		{9B205F1A-5C9E-499E-9DC3-95E21A16A06A}.Release|iPhone.Deploy.0 = Release|iPhone
		{9B205F1A-5C9E-499E-9DC3-95E21A16A06A}.Release|iPhoneSimulator.ActiveCfg = Release|iPhoneSimulator
		{9B205F1A-5C9E-499E-9DC3-95E21A16A06A}.Release|iPhoneSimulator.Build.0 = Release|iPhoneSimulator
		{9B205F1A-5C9E-499E-9DC3-95E21A16A06A}.Release|iPhoneSimulator.Deploy.0 = Release|iPhoneSimulator
		{9B205F1A-5C9E-499E-9DC3-95E21A16A06A}.Release|x64.ActiveCfg = Release|iPhone
		{9B205F1A-5C9E-499E-9DC3-95E21A16A06A}.Release|x64.Build.0 = Release|iPhone
		{9B205F1A-5C9E-499E-9DC3-95E21A16A06A}.Release|x64.Deploy.0 = Release|iPhone
		{9B205F1A-5C9E-499E-9DC3-95E21A16A06A}.Release|x86.ActiveCfg = Release|iPhone
		{9B205F1A-5C9E-499E-9DC3-95E21A16A06A}.Release|x86.Build.0 = Release|iPhone
		{9B205F1A-5C9E-499E-9DC3-95E21A16A06A}.Release|x86.Deploy.0 = Release|iPhone
		{D10302B7-8419-41F5-9F2A-9FD7CB3E5047}.Ad-Hoc|Any CPU.ActiveCfg = Release|x86
		{D10302B7-8419-41F5-9F2A-9FD7CB3E5047}.Ad-Hoc|Any CPU.Build.0 = Release|x86
		{D10302B7-8419-41F5-9F2A-9FD7CB3E5047}.Ad-Hoc|Any CPU.Deploy.0 = Release|x86
		{D10302B7-8419-41F5-9F2A-9FD7CB3E5047}.Ad-Hoc|ARM.ActiveCfg = Release|ARM
		{D10302B7-8419-41F5-9F2A-9FD7CB3E5047}.Ad-Hoc|ARM.Build.0 = Release|ARM
		{D10302B7-8419-41F5-9F2A-9FD7CB3E5047}.Ad-Hoc|ARM.Deploy.0 = Release|ARM
		{D10302B7-8419-41F5-9F2A-9FD7CB3E5047}.Ad-Hoc|iPhone.ActiveCfg = Release|x86
		{D10302B7-8419-41F5-9F2A-9FD7CB3E5047}.Ad-Hoc|iPhone.Build.0 = Release|x86
		{D10302B7-8419-41F5-9F2A-9FD7CB3E5047}.Ad-Hoc|iPhone.Deploy.0 = Release|x86
		{D10302B7-8419-41F5-9F2A-9FD7CB3E5047}.Ad-Hoc|iPhoneSimulator.ActiveCfg = Release|x86
		{D10302B7-8419-41F5-9F2A-9FD7CB3E5047}.Ad-Hoc|iPhoneSimulator.Build.0 = Release|x86
		{D10302B7-8419-41F5-9F2A-9FD7CB3E5047}.Ad-Hoc|iPhoneSimulator.Deploy.0 = Release|x86
		{D10302B7-8419-41F5-9F2A-9FD7CB3E5047}.Ad-Hoc|x64.ActiveCfg = Release|x64
		{D10302B7-8419-41F5-9F2A-9FD7CB3E5047}.Ad-Hoc|x64.Build.0 = Release|x64
		{D10302B7-8419-41F5-9F2A-9FD7CB3E5047}.Ad-Hoc|x64.Deploy.0 = Release|x64
		{D10302B7-8419-41F5-9F2A-9FD7CB3E5047}.Ad-Hoc|x86.ActiveCfg = Release|x86
		{D10302B7-8419-41F5-9F2A-9FD7CB3E5047}.Ad-Hoc|x86.Build.0 = Release|x86
		{D10302B7-8419-41F5-9F2A-9FD7CB3E5047}.Ad-Hoc|x86.Deploy.0 = Release|x86
		{D10302B7-8419-41F5-9F2A-9FD7CB3E5047}.AppStore|Any CPU.ActiveCfg = Release|x86
		{D10302B7-8419-41F5-9F2A-9FD7CB3E5047}.AppStore|Any CPU.Build.0 = Release|x86
		{D10302B7-8419-41F5-9F2A-9FD7CB3E5047}.AppStore|Any CPU.Deploy.0 = Release|x86
		{D10302B7-8419-41F5-9F2A-9FD7CB3E5047}.AppStore|ARM.ActiveCfg = Release|ARM
		{D10302B7-8419-41F5-9F2A-9FD7CB3E5047}.AppStore|ARM.Build.0 = Release|ARM
		{D10302B7-8419-41F5-9F2A-9FD7CB3E5047}.AppStore|ARM.Deploy.0 = Release|ARM
		{D10302B7-8419-41F5-9F2A-9FD7CB3E5047}.AppStore|iPhone.ActiveCfg = Release|x86
		{D10302B7-8419-41F5-9F2A-9FD7CB3E5047}.AppStore|iPhone.Build.0 = Release|x86
		{D10302B7-8419-41F5-9F2A-9FD7CB3E5047}.AppStore|iPhone.Deploy.0 = Release|x86
		{D10302B7-8419-41F5-9F2A-9FD7CB3E5047}.AppStore|iPhoneSimulator.ActiveCfg = Release|x86
		{D10302B7-8419-41F5-9F2A-9FD7CB3E5047}.AppStore|iPhoneSimulator.Build.0 = Release|x86
		{D10302B7-8419-41F5-9F2A-9FD7CB3E5047}.AppStore|iPhoneSimulator.Deploy.0 = Release|x86
		{D10302B7-8419-41F5-9F2A-9FD7CB3E5047}.AppStore|x64.ActiveCfg = Release|x64
		{D10302B7-8419-41F5-9F2A-9FD7CB3E5047}.AppStore|x64.Build.0 = Release|x64
		{D10302B7-8419-41F5-9F2A-9FD7CB3E5047}.AppStore|x64.Deploy.0 = Release|x64
		{D10302B7-8419-41F5-9F2A-9FD7CB3E5047}.AppStore|x86.ActiveCfg = Release|x86
		{D10302B7-8419-41F5-9F2A-9FD7CB3E5047}.AppStore|x86.Build.0 = Release|x86
		{D10302B7-8419-41F5-9F2A-9FD7CB3E5047}.AppStore|x86.Deploy.0 = Release|x86
		{D10302B7-8419-41F5-9F2A-9FD7CB3E5047}.Debug|Any CPU.ActiveCfg = Debug|x86
		{D10302B7-8419-41F5-9F2A-9FD7CB3E5047}.Debug|Any CPU.Build.0 = Debug|x86
		{D10302B7-8419-41F5-9F2A-9FD7CB3E5047}.Debug|Any CPU.Deploy.0 = Debug|x86
		{D10302B7-8419-41F5-9F2A-9FD7CB3E5047}.Debug|ARM.ActiveCfg = Debug|ARM
		{D10302B7-8419-41F5-9F2A-9FD7CB3E5047}.Debug|ARM.Build.0 = Debug|ARM
		{D10302B7-8419-41F5-9F2A-9FD7CB3E5047}.Debug|ARM.Deploy.0 = Debug|ARM
		{D10302B7-8419-41F5-9F2A-9FD7CB3E5047}.Debug|iPhone.ActiveCfg = Debug|x86
		{D10302B7-8419-41F5-9F2A-9FD7CB3E5047}.Debug|iPhone.Build.0 = Debug|x86
		{D10302B7-8419-41F5-9F2A-9FD7CB3E5047}.Debug|iPhone.Deploy.0 = Debug|x86
		{D10302B7-8419-41F5-9F2A-9FD7CB3E5047}.Debug|iPhoneSimulator.ActiveCfg = Debug|x86
		{D10302B7-8419-41F5-9F2A-9FD7CB3E5047}.Debug|iPhoneSimulator.Build.0 = Debug|x86
		{D10302B7-8419-41F5-9F2A-9FD7CB3E5047}.Debug|iPhoneSimulator.Deploy.0 = Debug|x86
		{D10302B7-8419-41F5-9F2A-9FD7CB3E5047}.Debug|x64.ActiveCfg = Debug|x64
		{D10302B7-8419-41F5-9F2A-9FD7CB3E5047}.Debug|x64.Build.0 = Debug|x64
		{D10302B7-8419-41F5-9F2A-9FD7CB3E5047}.Debug|x64.Deploy.0 = Debug|x64
		{D10302B7-8419-41F5-9F2A-9FD7CB3E5047}.Debug|x86.ActiveCfg = Debug|x86
		{D10302B7-8419-41F5-9F2A-9FD7CB3E5047}.Debug|x86.Build.0 = Debug|x86
		{D10302B7-8419-41F5-9F2A-9FD7CB3E5047}.Debug|x86.Deploy.0 = Debug|x86
		{D10302B7-8419-41F5-9F2A-9FD7CB3E5047}.Release|Any CPU.ActiveCfg = Release|x86
		{D10302B7-8419-41F5-9F2A-9FD7CB3E5047}.Release|Any CPU.Build.0 = Release|x86
		{D10302B7-8419-41F5-9F2A-9FD7CB3E5047}.Release|Any CPU.Deploy.0 = Release|x86
		{D10302B7-8419-41F5-9F2A-9FD7CB3E5047}.Release|ARM.ActiveCfg = Release|ARM
		{D10302B7-8419-41F5-9F2A-9FD7CB3E5047}.Release|ARM.Build.0 = Release|ARM
		{D10302B7-8419-41F5-9F2A-9FD7CB3E5047}.Release|ARM.Deploy.0 = Release|ARM
		{D10302B7-8419-41F5-9F2A-9FD7CB3E5047}.Release|iPhone.ActiveCfg = Release|x86
		{D10302B7-8419-41F5-9F2A-9FD7CB3E5047}.Release|iPhone.Build.0 = Release|x86
		{D10302B7-8419-41F5-9F2A-9FD7CB3E5047}.Release|iPhone.Deploy.0 = Release|x86
		{D10302B7-8419-41F5-9F2A-9FD7CB3E5047}.Release|iPhoneSimulator.ActiveCfg = Release|x86
		{D10302B7-8419-41F5-9F2A-9FD7CB3E5047}.Release|iPhoneSimulator.Build.0 = Release|x86
		{D10302B7-8419-41F5-9F2A-9FD7CB3E5047}.Release|iPhoneSimulator.Deploy.0 = Release|x86
		{D10302B7-8419-41F5-9F2A-9FD7CB3E5047}.Release|x64.ActiveCfg = Release|x64
		{D10302B7-8419-41F5-9F2A-9FD7CB3E5047}.Release|x64.Build.0 = Release|x64
		{D10302B7-8419-41F5-9F2A-9FD7CB3E5047}.Release|x64.Deploy.0 = Release|x64
		{D10302B7-8419-41F5-9F2A-9FD7CB3E5047}.Release|x86.ActiveCfg = Release|x86
		{D10302B7-8419-41F5-9F2A-9FD7CB3E5047}.Release|x86.Build.0 = Release|x86
		{D10302B7-8419-41F5-9F2A-9FD7CB3E5047}.Release|x86.Deploy.0 = Release|x86
		{807D43E5-47B4-4825-8669-3035DCDDB888}.Ad-Hoc|Any CPU.ActiveCfg = Debug|Any CPU
		{807D43E5-47B4-4825-8669-3035DCDDB888}.Ad-Hoc|Any CPU.Build.0 = Debug|Any CPU
		{807D43E5-47B4-4825-8669-3035DCDDB888}.Ad-Hoc|Any CPU.Deploy.0 = Debug|Any CPU
		{807D43E5-47B4-4825-8669-3035DCDDB888}.Ad-Hoc|ARM.ActiveCfg = Debug|Any CPU
		{807D43E5-47B4-4825-8669-3035DCDDB888}.Ad-Hoc|ARM.Build.0 = Debug|Any CPU
		{807D43E5-47B4-4825-8669-3035DCDDB888}.Ad-Hoc|ARM.Deploy.0 = Debug|Any CPU
		{807D43E5-47B4-4825-8669-3035DCDDB888}.Ad-Hoc|iPhone.ActiveCfg = Debug|Any CPU
		{807D43E5-47B4-4825-8669-3035DCDDB888}.Ad-Hoc|iPhone.Build.0 = Debug|Any CPU
		{807D43E5-47B4-4825-8669-3035DCDDB888}.Ad-Hoc|iPhone.Deploy.0 = Debug|Any CPU
		{807D43E5-47B4-4825-8669-3035DCDDB888}.Ad-Hoc|iPhoneSimulator.ActiveCfg = Debug|Any CPU
		{807D43E5-47B4-4825-8669-3035DCDDB888}.Ad-Hoc|iPhoneSimulator.Build.0 = Debug|Any CPU
		{807D43E5-47B4-4825-8669-3035DCDDB888}.Ad-Hoc|iPhoneSimulator.Deploy.0 = Debug|Any CPU
		{807D43E5-47B4-4825-8669-3035DCDDB888}.Ad-Hoc|x64.ActiveCfg = Debug|Any CPU
		{807D43E5-47B4-4825-8669-3035DCDDB888}.Ad-Hoc|x64.Build.0 = Debug|Any CPU
		{807D43E5-47B4-4825-8669-3035DCDDB888}.Ad-Hoc|x64.Deploy.0 = Debug|Any CPU
		{807D43E5-47B4-4825-8669-3035DCDDB888}.Ad-Hoc|x86.ActiveCfg = Debug|Any CPU
		{807D43E5-47B4-4825-8669-3035DCDDB888}.Ad-Hoc|x86.Build.0 = Debug|Any CPU
		{807D43E5-47B4-4825-8669-3035DCDDB888}.Ad-Hoc|x86.Deploy.0 = Debug|Any CPU
		{807D43E5-47B4-4825-8669-3035DCDDB888}.AppStore|Any CPU.ActiveCfg = Debug|Any CPU
		{807D43E5-47B4-4825-8669-3035DCDDB888}.AppStore|Any CPU.Build.0 = Debug|Any CPU
		{807D43E5-47B4-4825-8669-3035DCDDB888}.AppStore|Any CPU.Deploy.0 = Debug|Any CPU
		{807D43E5-47B4-4825-8669-3035DCDDB888}.AppStore|ARM.ActiveCfg = Debug|Any CPU
		{807D43E5-47B4-4825-8669-3035DCDDB888}.AppStore|ARM.Build.0 = Debug|Any CPU
		{807D43E5-47B4-4825-8669-3035DCDDB888}.AppStore|ARM.Deploy.0 = Debug|Any CPU
		{807D43E5-47B4-4825-8669-3035DCDDB888}.AppStore|iPhone.ActiveCfg = Debug|Any CPU
		{807D43E5-47B4-4825-8669-3035DCDDB888}.AppStore|iPhone.Build.0 = Debug|Any CPU
		{807D43E5-47B4-4825-8669-3035DCDDB888}.AppStore|iPhone.Deploy.0 = Debug|Any CPU
		{807D43E5-47B4-4825-8669-3035DCDDB888}.AppStore|iPhoneSimulator.ActiveCfg = Debug|Any CPU
		{807D43E5-47B4-4825-8669-3035DCDDB888}.AppStore|iPhoneSimulator.Build.0 = Debug|Any CPU
		{807D43E5-47B4-4825-8669-3035DCDDB888}.AppStore|iPhoneSimulator.Deploy.0 = Debug|Any CPU
		{807D43E5-47B4-4825-8669-3035DCDDB888}.AppStore|x64.ActiveCfg = Debug|Any CPU
		{807D43E5-47B4-4825-8669-3035DCDDB888}.AppStore|x64.Build.0 = Debug|Any CPU
		{807D43E5-47B4-4825-8669-3035DCDDB888}.AppStore|x64.Deploy.0 = Debug|Any CPU
		{807D43E5-47B4-4825-8669-3035DCDDB888}.AppStore|x86.ActiveCfg = Debug|Any CPU
		{807D43E5-47B4-4825-8669-3035DCDDB888}.AppStore|x86.Build.0 = Debug|Any CPU
		{807D43E5-47B4-4825-8669-3035DCDDB888}.AppStore|x86.Deploy.0 = Debug|Any CPU
		{807D43E5-47B4-4825-8669-3035DCDDB888}.Debug|Any CPU.ActiveCfg = Debug|Any CPU
		{807D43E5-47B4-4825-8669-3035DCDDB888}.Debug|Any CPU.Build.0 = Debug|Any CPU
		{807D43E5-47B4-4825-8669-3035DCDDB888}.Debug|Any CPU.Deploy.0 = Debug|Any CPU
		{807D43E5-47B4-4825-8669-3035DCDDB888}.Debug|ARM.ActiveCfg = Debug|Any CPU
		{807D43E5-47B4-4825-8669-3035DCDDB888}.Debug|ARM.Build.0 = Debug|Any CPU
		{807D43E5-47B4-4825-8669-3035DCDDB888}.Debug|ARM.Deploy.0 = Debug|Any CPU
		{807D43E5-47B4-4825-8669-3035DCDDB888}.Debug|iPhone.ActiveCfg = Debug|Any CPU
		{807D43E5-47B4-4825-8669-3035DCDDB888}.Debug|iPhone.Build.0 = Debug|Any CPU
		{807D43E5-47B4-4825-8669-3035DCDDB888}.Debug|iPhone.Deploy.0 = Debug|Any CPU
		{807D43E5-47B4-4825-8669-3035DCDDB888}.Debug|iPhoneSimulator.ActiveCfg = Debug|Any CPU
		{807D43E5-47B4-4825-8669-3035DCDDB888}.Debug|iPhoneSimulator.Build.0 = Debug|Any CPU
		{807D43E5-47B4-4825-8669-3035DCDDB888}.Debug|iPhoneSimulator.Deploy.0 = Debug|Any CPU
		{807D43E5-47B4-4825-8669-3035DCDDB888}.Debug|x64.ActiveCfg = Debug|Any CPU
		{807D43E5-47B4-4825-8669-3035DCDDB888}.Debug|x64.Build.0 = Debug|Any CPU
		{807D43E5-47B4-4825-8669-3035DCDDB888}.Debug|x64.Deploy.0 = Debug|Any CPU
		{807D43E5-47B4-4825-8669-3035DCDDB888}.Debug|x86.ActiveCfg = Debug|Any CPU
		{807D43E5-47B4-4825-8669-3035DCDDB888}.Debug|x86.Build.0 = Debug|Any CPU
		{807D43E5-47B4-4825-8669-3035DCDDB888}.Debug|x86.Deploy.0 = Debug|Any CPU
		{807D43E5-47B4-4825-8669-3035DCDDB888}.Release|Any CPU.ActiveCfg = Release|Any CPU
		{807D43E5-47B4-4825-8669-3035DCDDB888}.Release|Any CPU.Build.0 = Release|Any CPU
		{807D43E5-47B4-4825-8669-3035DCDDB888}.Release|Any CPU.Deploy.0 = Release|Any CPU
		{807D43E5-47B4-4825-8669-3035DCDDB888}.Release|ARM.ActiveCfg = Release|Any CPU
		{807D43E5-47B4-4825-8669-3035DCDDB888}.Release|ARM.Build.0 = Release|Any CPU
		{807D43E5-47B4-4825-8669-3035DCDDB888}.Release|ARM.Deploy.0 = Release|Any CPU
		{807D43E5-47B4-4825-8669-3035DCDDB888}.Release|iPhone.ActiveCfg = Release|Any CPU
		{807D43E5-47B4-4825-8669-3035DCDDB888}.Release|iPhone.Build.0 = Release|Any CPU
		{807D43E5-47B4-4825-8669-3035DCDDB888}.Release|iPhone.Deploy.0 = Release|Any CPU
		{807D43E5-47B4-4825-8669-3035DCDDB888}.Release|iPhoneSimulator.ActiveCfg = Release|Any CPU
		{807D43E5-47B4-4825-8669-3035DCDDB888}.Release|iPhoneSimulator.Build.0 = Release|Any CPU
		{807D43E5-47B4-4825-8669-3035DCDDB888}.Release|iPhoneSimulator.Deploy.0 = Release|Any CPU
		{807D43E5-47B4-4825-8669-3035DCDDB888}.Release|x64.ActiveCfg = Release|Any CPU
		{807D43E5-47B4-4825-8669-3035DCDDB888}.Release|x64.Build.0 = Release|Any CPU
		{807D43E5-47B4-4825-8669-3035DCDDB888}.Release|x64.Deploy.0 = Release|Any CPU
		{807D43E5-47B4-4825-8669-3035DCDDB888}.Release|x86.ActiveCfg = Release|Any CPU
		{807D43E5-47B4-4825-8669-3035DCDDB888}.Release|x86.Build.0 = Release|Any CPU
		{807D43E5-47B4-4825-8669-3035DCDDB888}.Release|x86.Deploy.0 = Release|Any CPU
	EndGlobalSection
	GlobalSection(SolutionProperties) = preSolution
		HideSolutionNode = FALSE
	EndGlobalSection
	GlobalSection(ExtensibilityGlobals) = postSolution
		SolutionGuid = {FD00FEEE-7468-45EB-A8D8-7D0F6021EC4D}
	EndGlobalSection
EndGlobal
